
Microsoft Visual Studio Solution File, Format Version 12.00
# Visual Studio 15
VisualStudioVersion = 15.0.28307.136
MinimumVisualStudioVersion = 10.0.40219.1
Project("{FAE04EC0-301F-11D3-BF4B-00C04F79EFBC}") = "2050", "2050\2050.csproj", "{8828635C-F66A-4AC2-9A20-DF9FFBBCC1F7}"
EndProject
Project("{FAE04EC0-301F-11D3-BF4B-00C04F79EFBC}") = "UnitTestProject1", "UnitTestProject1\UnitTestProject1.csproj", "{FBCD4FBB-44E8-47C4-9124-2724CE956DDD}"
EndProject
Global
	GlobalSection(SolutionConfigurationPlatforms) = preSolution
		Debug|Any CPU = Debug|Any CPU
		Release|Any CPU = Release|Any CPU
	EndGlobalSection
	GlobalSection(ProjectConfigurationPlatforms) = postSolution
		{8828635C-F66A-4AC2-9A20-DF9FFBBCC1F7}.Debug|Any CPU.ActiveCfg = Debug|Any CPU
		{8828635C-F66A-4AC2-9A20-DF9FFBBCC1F7}.Debug|Any CPU.Build.0 = Debug|Any CPU
		{8828635C-F66A-4AC2-9A20-DF9FFBBCC1F7}.Release|Any CPU.ActiveCfg = Release|Any CPU
		{8828635C-F66A-4AC2-9A20-DF9FFBBCC1F7}.Release|Any CPU.Build.0 = Release|Any CPU
		{FBCD4FBB-44E8-47C4-9124-2724CE956DDD}.Debug|Any CPU.ActiveCfg = Debug|Any CPU
		{FBCD4FBB-44E8-47C4-9124-2724CE956DDD}.Debug|Any CPU.Build.0 = Debug|Any CPU
		{FBCD4FBB-44E8-47C4-9124-2724CE956DDD}.Release|Any CPU.ActiveCfg = Release|Any CPU
		{FBCD4FBB-44E8-47C4-9124-2724CE956DDD}.Release|Any CPU.Build.0 = Release|Any CPU
	EndGlobalSection
	GlobalSection(SolutionProperties) = preSolution
		HideSolutionNode = FALSE
	EndGlobalSection
	GlobalSection(ExtensibilityGlobals) = postSolution
		SolutionGuid = {3851D8F3-6508-4A01-9320-C7815C53724A}
	EndGlobalSection
EndGlobal
